filippo.io/edwards25519 v1.1.0 h1:FNf4tywRC1HmFuKW5xopWpigGjJKiJSV0Cqo0cJWDaA=
filippo.io/edwards25519 v1.1.0/go.mod h1:BxyFTGdWcka3PhytdK4V28tE5sGfRvvvRV7EaN4VDT4=
github.com/go-sql-driver/mysql v1.8.0 h1:UtktXaU2Nb64z/pLiGIxY4431SJ4/dR5cjMmlVHgnT4=
github.com/go-sql-driver/mysql v1.8.0/go.mod h1:wEBSXgmK//2ZFJyE+qWnIsVGmvmEKlqwuVSjsCm7DZg=
github.com/gonum/graph v0.0.0-20190426092945-678096d81a4b h1:LilU5ERRFWL+2D6yR1PL2oeS4n+xyTq1vfv39LFVaeE=
github.com/gonum/graph v0.0.0-20190426092945-678096d81a4b/go.mod h1:ye018NnX1zrbOLqwBvs2HqyyTouQgnL8C+qzYk1snPY=
github.com/gorilla/mux v1.8.1 h1:TuBL49tXwgrFYWhqrNgrUNEY92u81SPhu7sTdzQEiWY=
github.com/gorilla/mux v1.8.1/go.mod h1:AKf9I4AEqPTmMytcMc0KkNouC66V3BtZ4qD5fmWSiMQ=
golang.org/x/tools v0.19.0 h1:tfGCXNR1OsFG+sVdLAitlpjAvD/I6dHDKnYrpEZUHkw=
golang.org/x/tools v0.19.0/go.mod h1:qoJWxmGSIBmAeriMx19ogtrEPrGtDbPK634QFIcLAhc=
